
Microsoft Visual Studio Solution File, Format Version 12.00
# Visual Studio Version 17
VisualStudioVersion = 17.9.34714.143
MinimumVisualStudioVersion = 10.0.40219.1
Project("{9A19103F-16F7-4668-BE54-9A1E7A4F7556}") = "JSharp", "JSharp\JSharp.csproj", "{600D775A-41EF-44E7-A79D-F04E25780A3F}"
EndProject
Project("{9A19103F-16F7-4668-BE54-9A1E7A4F7556}") = "JSharp.Tests", "JSharp.Tests\JSharp.Tests.csproj", "{C774B06D-0BB8-4E0E-A3CC-3F740988580C}"
EndProject
Global
	GlobalSection(SolutionConfigurationPlatforms) = preSolution
		Debug|Any CPU = Debug|Any CPU
		Release|Any CPU = Release|Any CPU
	EndGlobalSection
	GlobalSection(ProjectConfigurationPlatforms) = postSolution
		{600D775A-41EF-44E7-A79D-F04E25780A3F}.Debug|Any CPU.ActiveCfg = Debug|Any CPU
		{600D775A-41EF-44E7-A79D-F04E25780A3F}.Debug|Any CPU.Build.0 = Debug|Any CPU
		{600D775A-41EF-44E7-A79D-F04E25780A3F}.Release|Any CPU.ActiveCfg = Release|Any CPU
		{600D775A-41EF-44E7-A79D-F04E25780A3F}.Release|Any CPU.Build.0 = Release|Any CPU
		{C774B06D-0BB8-4E0E-A3CC-3F740988580C}.Debug|Any CPU.ActiveCfg = Debug|Any CPU
		{C774B06D-0BB8-4E0E-A3CC-3F740988580C}.Debug|Any CPU.Build.0 = Debug|Any CPU
		{C774B06D-0BB8-4E0E-A3CC-3F740988580C}.Release|Any CPU.ActiveCfg = Release|Any CPU
		{C774B06D-0BB8-4E0E-A3CC-3F740988580C}.Release|Any CPU.Build.0 = Release|Any CPU
	EndGlobalSection
	GlobalSection(SolutionProperties) = preSolution
		HideSolutionNode = FALSE
	EndGlobalSection
	GlobalSection(ExtensibilityGlobals) = postSolution
		SolutionGuid = {12172AF9-675E-4BAA-B821-5205D63DFCA7}
	EndGlobalSection
EndGlobal
